// !$*UTF8*$!
{
	archiveVersion = 1;
	classes = {
	};
	objectVersion = 46;
	objects = {

/* Begin PBXBuildFile section */
		267DC1BC65BA48C16BD9E9A4 /* Pods_zhibo.framework in Frameworks */ = {isa = PBXBuildFile; fileRef = 4C41FBA189D7DCA595B00477 /* Pods_zhibo.framework */; };
		5D06AA6A1EE8E27900AAE63F /* RecommendGameView.swift in Sources */ = {isa = PBXBuildFile; fileRef = 5D06AA691EE8E27900AAE63F /* RecommendGameView.swift */; };
		5D06AA6C1EE8E28600AAE63F /* RecommendGameView.xib in Resources */ = {isa = PBXBuildFile; fileRef = 5D06AA6B1EE8E28600AAE63F /* RecommendGameView.xib */; };
		5D06AA6F1EE8E80900AAE63F /* RecommendGameCell.swift in Sources */ = {isa = PBXBuildFile; fileRef = 5D06AA6D1EE8E80900AAE63F /* RecommendGameCell.swift */; };
		5D06AA701EE8E80900AAE63F /* RecommendGameCell.xib in Resources */ = {isa = PBXBuildFile; fileRef = 5D06AA6E1EE8E80900AAE63F /* RecommendGameCell.xib */; };
		5D10503C1EDF45A2001DB386 /* RecommendViewController.swift in Sources */ = {isa = PBXBuildFile; fileRef = 5D10503B1EDF45A2001DB386 /* RecommendViewController.swift */; };
		5D14E7E81EE7ADE000B40147 /* RecycleCell.swift in Sources */ = {isa = PBXBuildFile; fileRef = 5D14E7E61EE7ADE000B40147 /* RecycleCell.swift */; };
		5D14E7E91EE7ADE000B40147 /* RecycleCell.xib in Resources */ = {isa = PBXBuildFile; fileRef = 5D14E7E71EE7ADE000B40147 /* RecycleCell.xib */; };
		5D19EEF21EDFA1C200F579A7 /* HeaderView.swift in Sources */ = {isa = PBXBuildFile; fileRef = 5D19EEF01EDFA1C200F579A7 /* HeaderView.swift */; };
		5D19EEF31EDFA1C200F579A7 /* HeaderView.xib in Resources */ = {isa = PBXBuildFile; fileRef = 5D19EEF11EDFA1C200F579A7 /* HeaderView.xib */; };
		5D19EEFA1EDFA4B600F579A7 /* CollectionSmallCell.swift in Sources */ = {isa = PBXBuildFile; fileRef = 5D19EEF81EDFA4B600F579A7 /* CollectionSmallCell.swift */; };
		5D19EEFB1EDFA4B600F579A7 /* CollectionSmallCell.xib in Resources */ = {isa = PBXBuildFile; fileRef = 5D19EEF91EDFA4B600F579A7 /* CollectionSmallCell.xib */; };
		5D19EEFE1EDFA98A00F579A7 /* CollectionCell.swift in Sources */ = {isa = PBXBuildFile; fileRef = 5D19EEFC1EDFA98A00F579A7 /* CollectionCell.swift */; };
		5D19EEFF1EDFA98A00F579A7 /* CollectionCell.xib in Resources */ = {isa = PBXBuildFile; fileRef = 5D19EEFD1EDFA98A00F579A7 /* CollectionCell.xib */; };
		5D2B229C1EDCFEDA003820DA /* Home.storyboard in Resources */ = {isa = PBXBuildFile; fileRef = 5D2B229A1EDCFEDA003820DA /* Home.storyboard */; };
		5D2B229F1EDCFF7C003820DA /* Live.storyboard in Resources */ = {isa = PBXBuildFile; fileRef = 5D2B229D1EDCFF7C003820DA /* Live.storyboard */; };
		5D2B22A21EDCFF94003820DA /* Follow.storyboard in Resources */ = {isa = PBXBuildFile; fileRef = 5D2B22A01EDCFF94003820DA /* Follow.storyboard */; };
		5D2B22A51EDCFFB3003820DA /* Profile.storyboard in Resources */ = {isa = PBXBuildFile; fileRef = 5D2B22A31EDCFFB3003820DA /* Profile.storyboard */; };
		5D2B22A71EDD003A003820DA /* MainViewController.swift in Sources */ = {isa = PBXBuildFile; fileRef = 5D2B22A61EDD003A003820DA /* MainViewController.swift */; };
		5D2B22BA1EDD03D3003820DA /* HomeViewController.swift in Sources */ = {isa = PBXBuildFile; fileRef = 5D2B22B91EDD03D3003820DA /* HomeViewController.swift */; };
		5D2B22BD1EDD06D2003820DA /* UIBarButtonItem+Extension.swift in Sources */ = {isa = PBXBuildFile; fileRef = 5D2B22BC1EDD06D2003820DA /* UIBarButtonItem+Extension.swift */; };
		5D2B22BF1EDD164A003820DA /* TitleView.swift in Sources */ = {isa = PBXBuildFile; fileRef = 5D2B22BE1EDD164A003820DA /* TitleView.swift */; };
		5D2B22C11EDD17A3003820DA /* Constant.swift in Sources */ = {isa = PBXBuildFile; fileRef = 5D2B22C01EDD17A3003820DA /* Constant.swift */; };
		5D2B22C31EDD1EE5003820DA /* ContentView.swift in Sources */ = {isa = PBXBuildFile; fileRef = 5D2B22C21EDD1EE5003820DA /* ContentView.swift */; };
		5D2B22C51EDD220B003820DA /* UIColor+Extension.swift in Sources */ = {isa = PBXBuildFile; fileRef = 5D2B22C41EDD220B003820DA /* UIColor+Extension.swift */; };
		5D94AE3F1EE7A9FA00672362 /* RecycleModel.swift in Sources */ = {isa = PBXBuildFile; fileRef = 5D94AE3E1EE7A9FA00672362 /* RecycleModel.swift */; };
		5DB3A7B31EDFBBD600AAB0BE /* NetworkManager.swift in Sources */ = {isa = PBXBuildFile; fileRef = 5DB3A7B21EDFBBD600AAB0BE /* NetworkManager.swift */; };
		5DB3A7B61EDFC01400AAB0BE /* RecommendViewModel.swift in Sources */ = {isa = PBXBuildFile; fileRef = 5DB3A7B51EDFC01400AAB0BE /* RecommendViewModel.swift */; };
		5DB3A7B81EDFC2F400AAB0BE /* Date+Extension.swift in Sources */ = {isa = PBXBuildFile; fileRef = 5DB3A7B71EDFC2F400AAB0BE /* Date+Extension.swift */; };
		5DB3A7BC1EDFC64800AAB0BE /* Anchor.swift in Sources */ = {isa = PBXBuildFile; fileRef = 5DB3A7BB1EDFC64800AAB0BE /* Anchor.swift */; };
		5DB3A7BE1EDFC89900AAB0BE /* Room.swift in Sources */ = {isa = PBXBuildFile; fileRef = 5DB3A7BD1EDFC89900AAB0BE /* Room.swift */; };
		5DC4EAA61EDCA529008860E4 /* AppDelegate.swift in Sources */ = {isa = PBXBuildFile; fileRef = 5DC4EAA51EDCA529008860E4 /* AppDelegate.swift */; };
		5DC4EAAB1EDCA529008860E4 /* Main.storyboard in Resources */ = {isa = PBXBuildFile; fileRef = 5DC4EAA91EDCA529008860E4 /* Main.storyboard */; };
		5DC4EAAD1EDCA529008860E4 /* Assets.xcassets in Resources */ = {isa = PBXBuildFile; fileRef = 5DC4EAAC1EDCA529008860E4 /* Assets.xcassets */; };
		5DC4EAB01EDCA529008860E4 /* LaunchScreen.storyboard in Resources */ = {isa = PBXBuildFile; fileRef = 5DC4EAAE1EDCA529008860E4 /* LaunchScreen.storyboard */; };
		5DF6D8E31EE6552E0077E2C7 /* CollectionViewBaseCell.swift in Sources */ = {isa = PBXBuildFile; fileRef = 5DF6D8E21EE6552E0077E2C7 /* CollectionViewBaseCell.swift */; };
		5DF6D8E51EE65D250077E2C7 /* RecycleView.swift in Sources */ = {isa = PBXBuildFile; fileRef = 5DF6D8E41EE65D250077E2C7 /* RecycleView.swift */; };
		5DF6D8E71EE65D7C0077E2C7 /* RecycleView.xib in Resources */ = {isa = PBXBuildFile; fileRef = 5DF6D8E61EE65D7C0077E2C7 /* RecycleView.xib */; };
/* End PBXBuildFile section */

/* Begin PBXFileReference section */
		33EC002B8BF2C8F619410467 /* Pods-zhibo.debug.xcconfig */ = {isa = PBXFileReference; includeInIndex = 1; lastKnownFileType = text.xcconfig; name = "Pods-zhibo.debug.xcconfig"; path = "Pods/Target Support Files/Pods-zhibo/Pods-zhibo.debug.xcconfig"; sourceTree = "<group>"; };
		4C41FBA189D7DCA595B00477 /* Pods_zhibo.framework */ = {isa = PBXFileReference; explicitFileType = wrapper.framework; includeInIndex = 0; path = Pods_zhibo.framework; sourceTree = BUILT_PRODUCTS_DIR; };
		5D06AA691EE8E27900AAE63F /* RecommendGameView.swift */ = {isa = PBXFileReference; fileEncoding = 4; lastKnownFileType = sourcecode.swift; path = RecommendGameView.swift; sourceTree = "<group>"; };
		5D06AA6B1EE8E28600AAE63F /* RecommendGameView.xib */ = {isa = PBXFileReference; fileEncoding = 4; lastKnownFileType = file.xib; path = RecommendGameView.xib; sourceTree = "<group>"; };
		5D06AA6D1EE8E80900AAE63F /* RecommendGameCell.swift */ = {isa = PBXFileReference; fileEncoding = 4; lastKnownFileType = sourcecode.swift; path = RecommendGameCell.swift; sourceTree = "<group>"; };
		5D06AA6E1EE8E80900AAE63F /* RecommendGameCell.xib */ = {isa = PBXFileReference; fileEncoding = 4; lastKnownFileType = file.xib; path = RecommendGameCell.xib; sourceTree = "<group>"; };
		5D10503B1EDF45A2001DB386 /* RecommendViewController.swift */ = {isa = PBXFileReference; fileEncoding = 4; lastKnownFileType = sourcecode.swift; path = RecommendViewController.swift; sourceTree = "<group>"; };
		5D14E7E61EE7ADE000B40147 /* RecycleCell.swift */ = {isa = PBXFileReference; fileEncoding = 4; lastKnownFileType = sourcecode.swift; path = RecycleCell.swift; sourceTree = "<group>"; };
		5D14E7E71EE7ADE000B40147 /* RecycleCell.xib */ = {isa = PBXFileReference; fileEncoding = 4; lastKnownFileType = file.xib; path = RecycleCell.xib; sourceTree = "<group>"; };
		5D19EEF01EDFA1C200F579A7 /* HeaderView.swift */ = {isa = PBXFileReference; fileEncoding = 4; lastKnownFileType = sourcecode.swift; path = HeaderView.swift; sourceTree = "<group>"; };
		5D19EEF11EDFA1C200F579A7 /* HeaderView.xib */ = {isa = PBXFileReference; fileEncoding = 4; lastKnownFileType = file.xib; path = HeaderView.xib; sourceTree = "<group>"; };
		5D19EEF81EDFA4B600F579A7 /* CollectionSmallCell.swift */ = {isa = PBXFileReference; fileEncoding = 4; lastKnownFileType = sourcecode.swift; path = CollectionSmallCell.swift; sourceTree = "<group>"; };
		5D19EEF91EDFA4B600F579A7 /* CollectionSmallCell.xib */ = {isa = PBXFileReference; fileEncoding = 4; lastKnownFileType = file.xib; path = CollectionSmallCell.xib; sourceTree = "<group>"; };
		5D19EEFC1EDFA98A00F579A7 /* CollectionCell.swift */ = {isa = PBXFileReference; fileEncoding = 4; lastKnownFileType = sourcecode.swift; path = CollectionCell.swift; sourceTree = "<group>"; };
		5D19EEFD1EDFA98A00F579A7 /* CollectionCell.xib */ = {isa = PBXFileReference; fileEncoding = 4; lastKnownFileType = file.xib; path = CollectionCell.xib; sourceTree = "<group>"; };
		5D2B229B1EDCFEDA003820DA /* Base */ = {isa = PBXFileReference; lastKnownFileType = file.storyboard; name = Base; path = Base.lproj/Home.storyboard; sourceTree = "<group>"; };
		5D2B229E1EDCFF7C003820DA /* Base */ = {isa = PBXFileReference; lastKnownFileType = file.storyboard; name = Base; path = zhibo/Base.lproj/Live.storyboard; sourceTree = SOURCE_ROOT; };
		5D2B22A11EDCFF94003820DA /* Base */ = {isa = PBXFileReference; lastKnownFileType = file.storyboard; name = Base; path = zhibo/Base.lproj/Follow.storyboard; sourceTree = SOURCE_ROOT; };
		5D2B22A41EDCFFB3003820DA /* Base */ = {isa = PBXFileReference; lastKnownFileType = file.storyboard; name = Base; path = zhibo/Base.lproj/Profile.storyboard; sourceTree = SOURCE_ROOT; };
		5D2B22A61EDD003A003820DA /* MainViewController.swift */ = {isa = PBXFileReference; fileEncoding = 4; lastKnownFileType = sourcecode.swift; name = MainViewController.swift; path = ../MainViewController.swift; sourceTree = "<group>"; };
		5D2B22B91EDD03D3003820DA /* HomeViewController.swift */ = {isa = PBXFileReference; fileEncoding = 4; lastKnownFileType = sourcecode.swift; path = HomeViewController.swift; sourceTree = "<group>"; };
		5D2B22BC1EDD06D2003820DA /* UIBarButtonItem+Extension.swift */ = {isa = PBXFileReference; fileEncoding = 4; lastKnownFileType = sourcecode.swift; path = "UIBarButtonItem+Extension.swift"; sourceTree = "<group>"; };
		5D2B22BE1EDD164A003820DA /* TitleView.swift */ = {isa = PBXFileReference; fileEncoding = 4; lastKnownFileType = sourcecode.swift; path = TitleView.swift; sourceTree = "<group>"; };
		5D2B22C01EDD17A3003820DA /* Constant.swift */ = {isa = PBXFileReference; fileEncoding = 4; lastKnownFileType = sourcecode.swift; path = Constant.swift; sourceTree = "<group>"; };
		5D2B22C21EDD1EE5003820DA /* ContentView.swift */ = {isa = PBXFileReference; fileEncoding = 4; lastKnownFileType = sourcecode.swift; path = ContentView.swift; sourceTree = "<group>"; };
		5D2B22C41EDD220B003820DA /* UIColor+Extension.swift */ = {isa = PBXFileReference; fileEncoding = 4; lastKnownFileType = sourcecode.swift; path = "UIColor+Extension.swift"; sourceTree = "<group>"; };
		5D94AE3E1EE7A9FA00672362 /* RecycleModel.swift */ = {isa = PBXFileReference; fileEncoding = 4; lastKnownFileType = sourcecode.swift; path = RecycleModel.swift; sourceTree = "<group>"; };
		5DB3A7B21EDFBBD600AAB0BE /* NetworkManager.swift */ = {isa = PBXFileReference; fileEncoding = 4; lastKnownFileType = sourcecode.swift; path = NetworkManager.swift; sourceTree = "<group>"; };
		5DB3A7B51EDFC01400AAB0BE /* RecommendViewModel.swift */ = {isa = PBXFileReference; fileEncoding = 4; lastKnownFileType = sourcecode.swift; path = RecommendViewModel.swift; sourceTree = "<group>"; };
		5DB3A7B71EDFC2F400AAB0BE /* Date+Extension.swift */ = {isa = PBXFileReference; fileEncoding = 4; lastKnownFileType = sourcecode.swift; path = "Date+Extension.swift"; sourceTree = "<group>"; };
		5DB3A7BB1EDFC64800AAB0BE /* Anchor.swift */ = {isa = PBXFileReference; fileEncoding = 4; lastKnownFileType = sourcecode.swift; path = Anchor.swift; sourceTree = "<group>"; };
		5DB3A7BD1EDFC89900AAB0BE /* Room.swift */ = {isa = PBXFileReference; fileEncoding = 4; lastKnownFileType = sourcecode.swift; path = Room.swift; sourceTree = "<group>"; };
		5DC4EAA21EDCA529008860E4 /* zhibo.app */ = {isa = PBXFileReference; explicitFileType = wrapper.application; includeInIndex = 0; path = zhibo.app; sourceTree = BUILT_PRODUCTS_DIR; };
		5DC4EAA51EDCA529008860E4 /* AppDelegate.swift */ = {isa = PBXFileReference; lastKnownFileType = sourcecode.swift; path = AppDelegate.swift; sourceTree = "<group>"; };
		5DC4EAAA1EDCA529008860E4 /* Base */ = {isa = PBXFileReference; lastKnownFileType = file.storyboard; name = Base; path = Base.lproj/Main.storyboard; sourceTree = "<group>"; };
		5DC4EAAC1EDCA529008860E4 /* Assets.xcassets */ = {isa = PBXFileReference; lastKnownFileType = folder.assetcatalog; path = Assets.xcassets; sourceTree = "<group>"; };
		5DC4EAAF1EDCA529008860E4 /* Base */ = {isa = PBXFileReference; lastKnownFileType = file.storyboard; name = Base; path = Base.lproj/LaunchScreen.storyboard; sourceTree = "<group>"; };
		5DC4EAB11EDCA529008860E4 /* Info.plist */ = {isa = PBXFileReference; lastKnownFileType = text.plist.xml; path = Info.plist; sourceTree = "<group>"; };
		5DF6D8E21EE6552E0077E2C7 /* CollectionViewBaseCell.swift */ = {isa = PBXFileReference; fileEncoding = 4; lastKnownFileType = sourcecode.swift; path = CollectionViewBaseCell.swift; sourceTree = "<group>"; };
		5DF6D8E41EE65D250077E2C7 /* RecycleView.swift */ = {isa = PBXFileReference; fileEncoding = 4; lastKnownFileType = sourcecode.swift; path = RecycleView.swift; sourceTree = "<group>"; };
		5DF6D8E61EE65D7C0077E2C7 /* RecycleView.xib */ = {isa = PBXFileReference; fileEncoding = 4; lastKnownFileType = file.xib; path = RecycleView.xib; sourceTree = "<group>"; };
		6B175B8AD4888EB461A845DB /* Pods-zhibo.release.xcconfig */ = {isa = PBXFileReference; includeInIndex = 1; lastKnownFileType = text.xcconfig; name = "Pods-zhibo.release.xcconfig"; path = "Pods/Target Support Files/Pods-zhibo/Pods-zhibo.release.xcconfig"; sourceTree = "<group>"; };
/* End PBXFileReference section */

/* Begin PBXFrameworksBuildPhase section */
		5DC4EA9F1EDCA529008860E4 /* Frameworks */ = {
			isa = PBXFrameworksBuildPhase;
			buildActionMask = 2147483647;
			files = (
				267DC1BC65BA48C16BD9E9A4 /* Pods_zhibo.framework in Frameworks */,
			);
			runOnlyForDeploymentPostprocessing = 0;
		};
/* End PBXFrameworksBuildPhase section */

/* Begin PBXGroup section */
		5D2B22A81EDD0292003820DA /* Controller */ = {
			isa = PBXGroup;
			children = (
				5D2B22B91EDD03D3003820DA /* HomeViewController.swift */,
				5D10503B1EDF45A2001DB386 /* RecommendViewController.swift */,
			);
			path = Controller;
			sourceTree = "<group>";
		};
		5D2B22A91EDD0292003820DA /* Model */ = {
			isa = PBXGroup;
			children = (
				5D94AE3E1EE7A9FA00672362 /* RecycleModel.swift */,
			);
			path = Model;
			sourceTree = "<group>";
		};
		5D2B22AA1EDD0292003820DA /* View */ = {
			isa = PBXGroup;
			children = (
				5D2B229A1EDCFEDA003820DA /* Home.storyboard */,
				5D19EEF01EDFA1C200F579A7 /* HeaderView.swift */,
				5D19EEF11EDFA1C200F579A7 /* HeaderView.xib */,
				5DF6D8E41EE65D250077E2C7 /* RecycleView.swift */,
				5DF6D8E61EE65D7C0077E2C7 /* RecycleView.xib */,
				5D14E7E61EE7ADE000B40147 /* RecycleCell.swift */,
				5D14E7E71EE7ADE000B40147 /* RecycleCell.xib */,
				5D06AA691EE8E27900AAE63F /* RecommendGameView.swift */,
				5D06AA6B1EE8E28600AAE63F /* RecommendGameView.xib */,
				5D06AA6D1EE8E80900AAE63F /* RecommendGameCell.swift */,
				5D06AA6E1EE8E80900AAE63F /* RecommendGameCell.xib */,
			);
			path = View;
			sourceTree = "<group>";
		};
		5D2B22AB1EDD02D8003820DA /* Controller */ = {
			isa = PBXGroup;
			children = (
				5D2B22A61EDD003A003820DA /* MainViewController.swift */,
			);
			path = Controller;
			sourceTree = "<group>";
		};
		5D2B22AC1EDD02D8003820DA /* Model */ = {
			isa = PBXGroup;
			children = (
				5DB3A7BB1EDFC64800AAB0BE /* Anchor.swift */,
				5DB3A7BD1EDFC89900AAB0BE /* Room.swift */,
			);
			path = Model;
			sourceTree = "<group>";
		};
		5D2B22AD1EDD02D8003820DA /* View */ = {
			isa = PBXGroup;
			children = (
				5DC4EAA91EDCA529008860E4 /* Main.storyboard */,
				5D2B22BE1EDD164A003820DA /* TitleView.swift */,
				5D2B22C21EDD1EE5003820DA /* ContentView.swift */,
				5D19EEF81EDFA4B600F579A7 /* CollectionSmallCell.swift */,
				5D19EEF91EDFA4B600F579A7 /* CollectionSmallCell.xib */,
				5D19EEFC1EDFA98A00F579A7 /* CollectionCell.swift */,
				5D19EEFD1EDFA98A00F579A7 /* CollectionCell.xib */,
				5DF6D8E21EE6552E0077E2C7 /* CollectionViewBaseCell.swift */,
			);
			path = View;
			sourceTree = "<group>";
		};
		5D2B22AE1EDD02E7003820DA /* Controller */ = {
			isa = PBXGroup;
			children = (
			);
			path = Controller;
			sourceTree = "<group>";
		};
		5D2B22AF1EDD02E7003820DA /* Model */ = {
			isa = PBXGroup;
			children = (
			);
			path = Model;
			sourceTree = "<group>";
		};
		5D2B22B01EDD02E7003820DA /* View */ = {
			isa = PBXGroup;
			children = (
			);
			path = View;
			sourceTree = "<group>";
		};
		5D2B22B11EDD02F2003820DA /* Controller */ = {
			isa = PBXGroup;
			children = (
			);
			path = Controller;
			sourceTree = "<group>";
		};
		5D2B22B21EDD02F2003820DA /* Model */ = {
			isa = PBXGroup;
			children = (
			);
			path = Model;
			sourceTree = "<group>";
		};
		5D2B22B31EDD02F2003820DA /* View */ = {
			isa = PBXGroup;
			children = (
			);
			path = View;
			sourceTree = "<group>";
		};
		5D2B22B41EDD02F9003820DA /* Controller */ = {
			isa = PBXGroup;
			children = (
			);
			path = Controller;
			sourceTree = "<group>";
		};
		5D2B22B51EDD02F9003820DA /* Model */ = {
			isa = PBXGroup;
			children = (
			);
			path = Model;
			sourceTree = "<group>";
		};
		5D2B22B61EDD02F9003820DA /* View */ = {
			isa = PBXGroup;
			children = (
			);
			path = View;
			sourceTree = "<group>";
		};
		5D2B22BB1EDD06B6003820DA /* Extension */ = {
			isa = PBXGroup;
			children = (
				5D2B22BC1EDD06D2003820DA /* UIBarButtonItem+Extension.swift */,
				5D2B22C41EDD220B003820DA /* UIColor+Extension.swift */,
				5DB3A7B21EDFBBD600AAB0BE /* NetworkManager.swift */,
				5DB3A7B71EDFC2F400AAB0BE /* Date+Extension.swift */,
			);
			path = Extension;
			sourceTree = "<group>";
		};
		5DB3A7B41EDFBFE500AAB0BE /* ViewModel */ = {
			isa = PBXGroup;
			children = (
				5DB3A7B51EDFC01400AAB0BE /* RecommendViewModel.swift */,
			);
			path = ViewModel;
			sourceTree = "<group>";
		};
		5DC4EA991EDCA529008860E4 = {
			isa = PBXGroup;
			children = (
				5DC4EAA41EDCA529008860E4 /* zhibo */,
				5DC4EAA31EDCA529008860E4 /* Products */,
				D5003110499407EC9F7F1869 /* Pods */,
				F7D2A309D74C4D64CCA83428 /* Frameworks */,
			);
			sourceTree = "<group>";
		};
		5DC4EAA31EDCA529008860E4 /* Products */ = {
			isa = PBXGroup;
			children = (
				5DC4EAA21EDCA529008860E4 /* zhibo.app */,
			);
			name = Products;
			sourceTree = "<group>";
		};
		5DC4EAA41EDCA529008860E4 /* zhibo */ = {
			isa = PBXGroup;
			children = (
				5DC4EAB91EDCA9BD008860E4 /* classes */,
				5DC4EAA51EDCA529008860E4 /* AppDelegate.swift */,
				5DC4EAAC1EDCA529008860E4 /* Assets.xcassets */,
				5DC4EAAE1EDCA529008860E4 /* LaunchScreen.storyboard */,
				5DC4EAB11EDCA529008860E4 /* Info.plist */,
			);
			path = zhibo;
			sourceTree = "<group>";
		};
		5DC4EAB91EDCA9BD008860E4 /* classes */ = {
			isa = PBXGroup;
			children = (
				5DC4EABD1EDCA9BD008860E4 /* Main */,
				5DC4EABB1EDCA9BD008860E4 /* Home */,
				5DC4EABC1EDCA9BD008860E4 /* Live */,
				5DC4EABA1EDCA9BD008860E4 /* Follow */,
				5DC4EABE1EDCA9BD008860E4 /* Profile */,
				5DC4EABF1EDCA9BD008860E4 /* Tools */,
			);
			path = classes;
			sourceTree = "<group>";
		};
		5DC4EABA1EDCA9BD008860E4 /* Follow */ = {
			isa = PBXGroup;
			children = (
				5D2B22B21EDD02F2003820DA /* Model */,
				5D2B22B31EDD02F2003820DA /* View */,
				5D2B22B11EDD02F2003820DA /* Controller */,
				5D2B22A01EDCFF94003820DA /* Follow.storyboard */,
			);
			path = Follow;
			sourceTree = "<group>";
		};
		5DC4EABB1EDCA9BD008860E4 /* Home */ = {
			isa = PBXGroup;
			children = (
				5DB3A7B41EDFBFE500AAB0BE /* ViewModel */,
				5D2B22A91EDD0292003820DA /* Model */,
				5D2B22AA1EDD0292003820DA /* View */,
				5D2B22A81EDD0292003820DA /* Controller */,
			);
			path = Home;
			sourceTree = "<group>";
		};
		5DC4EABC1EDCA9BD008860E4 /* Live */ = {
			isa = PBXGroup;
			children = (
				5D2B22AF1EDD02E7003820DA /* Model */,
				5D2B22B01EDD02E7003820DA /* View */,
				5D2B22AE1EDD02E7003820DA /* Controller */,
				5D2B229D1EDCFF7C003820DA /* Live.storyboard */,
			);
			path = Live;
			sourceTree = "<group>";
		};
		5DC4EABD1EDCA9BD008860E4 /* Main */ = {
			isa = PBXGroup;
			children = (
				5D2B22AC1EDD02D8003820DA /* Model */,
				5D2B22AD1EDD02D8003820DA /* View */,
				5D2B22AB1EDD02D8003820DA /* Controller */,
			);
			path = Main;
			sourceTree = "<group>";
		};
		5DC4EABE1EDCA9BD008860E4 /* Profile */ = {
			isa = PBXGroup;
			children = (
				5D2B22B51EDD02F9003820DA /* Model */,
				5D2B22B61EDD02F9003820DA /* View */,
				5D2B22B41EDD02F9003820DA /* Controller */,
				5D2B22A31EDCFFB3003820DA /* Profile.storyboard */,
			);
			path = Profile;
			sourceTree = "<group>";
		};
		5DC4EABF1EDCA9BD008860E4 /* Tools */ = {
			isa = PBXGroup;
			children = (
				5D2B22BB1EDD06B6003820DA /* Extension */,
				5D2B22C01EDD17A3003820DA /* Constant.swift */,
			);
			path = Tools;
			sourceTree = "<group>";
		};
		D5003110499407EC9F7F1869 /* Pods */ = {
			isa = PBXGroup;
			children = (
				33EC002B8BF2C8F619410467 /* Pods-zhibo.debug.xcconfig */,
				6B175B8AD4888EB461A845DB /* Pods-zhibo.release.xcconfig */,
			);
			name = Pods;
			sourceTree = "<group>";
		};
		F7D2A309D74C4D64CCA83428 /* Frameworks */ = {
			isa = PBXGroup;
			children = (
				4C41FBA189D7DCA595B00477 /* Pods_zhibo.framework */,
			);
			name = Frameworks;
			sourceTree = "<group>";
		};
/* End PBXGroup section */

/* Begin PBXNativeTarget section */
		5DC4EAA11EDCA529008860E4 /* zhibo */ = {
			isa = PBXNativeTarget;
			buildConfigurationList = 5DC4EAB41EDCA529008860E4 /* Build configuration list for PBXNativeTarget "zhibo" */;
			buildPhases = (
				8FDCA03FF7E10627ACF004F0 /* [CP] Check Pods Manifest.lock */,
				5DC4EA9E1EDCA529008860E4 /* Sources */,
				5DC4EA9F1EDCA529008860E4 /* Frameworks */,
				5DC4EAA01EDCA529008860E4 /* Resources */,
				27949C86C0876660CF1D19D1 /* [CP] Embed Pods Frameworks */,
				D400BDDE8ACF18CB987AFBBC /* [CP] Copy Pods Resources */,
			);
			buildRules = (
			);
			dependencies = (
			);
			name = zhibo;
			productName = zhibo;
			productReference = 5DC4EAA21EDCA529008860E4 /* zhibo.app */;
			productType = "com.apple.product-type.application";
		};
/* End PBXNativeTarget section */

/* Begin PBXProject section */
		5DC4EA9A1EDCA529008860E4 /* Project object */ = {
			isa = PBXProject;
			attributes = {
				LastSwiftUpdateCheck = 0830;
				LastUpgradeCheck = 0830;
				ORGANIZATIONNAME = Allan;
				TargetAttributes = {
					5DC4EAA11EDCA529008860E4 = {
						CreatedOnToolsVersion = 8.3.2;
						LastSwiftMigration = 0830;
						ProvisioningStyle = Automatic;
					};
				};
			};
			buildConfigurationList = 5DC4EA9D1EDCA529008860E4 /* Build configuration list for PBXProject "zhibo" */;
			compatibilityVersion = "Xcode 3.2";
			developmentRegion = English;
			hasScannedForEncodings = 0;
			knownRegions = (
				en,
				Base,
			);
			mainGroup = 5DC4EA991EDCA529008860E4;
			productRefGroup = 5DC4EAA31EDCA529008860E4 /* Products */;
			projectDirPath = "";
			projectRoot = "";
			targets = (
				5DC4EAA11EDCA529008860E4 /* zhibo */,
			);
		};
/* End PBXProject section */

/* Begin PBXResourcesBuildPhase section */
		5DC4EAA01EDCA529008860E4 /* Resources */ = {
			isa = PBXResourcesBuildPhase;
			buildActionMask = 2147483647;
			files = (
				5DC4EAB01EDCA529008860E4 /* LaunchScreen.storyboard in Resources */,
				5DC4EAAD1EDCA529008860E4 /* Assets.xcassets in Resources */,
				5DC4EAAB1EDCA529008860E4 /* Main.storyboard in Resources */,
				5D19EEF31EDFA1C200F579A7 /* HeaderView.xib in Resources */,
				5D19EEFB1EDFA4B600F579A7 /* CollectionSmallCell.xib in Resources */,
				5D19EEFF1EDFA98A00F579A7 /* CollectionCell.xib in Resources */,
				5D2B229F1EDCFF7C003820DA /* Live.storyboard in Resources */,
				5D14E7E91EE7ADE000B40147 /* RecycleCell.xib in Resources */,
				5D2B229C1EDCFEDA003820DA /* Home.storyboard in Resources */,
				5DF6D8E71EE65D7C0077E2C7 /* RecycleView.xib in Resources */,
				5D06AA701EE8E80900AAE63F /* RecommendGameCell.xib in Resources */,
				5D2B22A51EDCFFB3003820DA /* Profile.storyboard in Resources */,
				5D06AA6C1EE8E28600AAE63F /* RecommendGameView.xib in Resources */,
				5D2B22A21EDCFF94003820DA /* Follow.storyboard in Resources */,
			);
			runOnlyForDeploymentPostprocessing = 0;
		};
/* End PBXResourcesBuildPhase section */

/* Begin PBXShellScriptBuildPhase section */
		27949C86C0876660CF1D19D1 /* [CP] Embed Pods Frameworks */ = {
			isa = PBXShellScriptBuildPhase;
			buildActionMask = 2147483647;
			files = (
			);
			inputPaths = (
			);
			name = "[CP] Embed Pods Frameworks";
			outputPaths = (
			);
			runOnlyForDeploymentPostprocessing = 0;
			shellPath = /bin/sh;
			shellScript = "\"${SRCROOT}/Pods/Target Support Files/Pods-zhibo/Pods-zhibo-frameworks.sh\"\n";
			showEnvVarsInLog = 0;
		};
		8FDCA03FF7E10627ACF004F0 /* [CP] Check Pods Manifest.lock */ = {
			isa = PBXShellScriptBuildPhase;
			buildActionMask = 2147483647;
			files = (
			);
			inputPaths = (
			);
			name = "[CP] Check Pods Manifest.lock";
			outputPaths = (
			);
			runOnlyForDeploymentPostprocessing = 0;
			shellPath = /bin/sh;
			shellScript = "diff \"${PODS_ROOT}/../Podfile.lock\" \"${PODS_ROOT}/Manifest.lock\" > /dev/null\nif [[ $? != 0 ]] ; then\n    cat << EOM\nerror: The sandbox is not in sync with the Podfile.lock. Run 'pod install' or update your CocoaPods installation.\nEOM\n    exit 1\nfi\n";
			showEnvVarsInLog = 0;
		};
		D400BDDE8ACF18CB987AFBBC /* [CP] Copy Pods Resources */ = {
			isa = PBXShellScriptBuildPhase;
			buildActionMask = 2147483647;
			files = (
			);
			inputPaths = (
			);
			name = "[CP] Copy Pods Resources";
			outputPaths = (
			);
			runOnlyForDeploymentPostprocessing = 0;
			shellPath = /bin/sh;
			shellScript = "\"${SRCROOT}/Pods/Target Support Files/Pods-zhibo/Pods-zhibo-resources.sh\"\n";
			showEnvVarsInLog = 0;
		};
/* End PBXShellScriptBuildPhase section */

/* Begin PBXSourcesBuildPhase section */
		5DC4EA9E1EDCA529008860E4 /* Sources */ = {
			isa = PBXSourcesBuildPhase;
			buildActionMask = 2147483647;
			files = (
				5D19EEFA1EDFA4B600F579A7 /* CollectionSmallCell.swift in Sources */,
				5D2B22BD1EDD06D2003820DA /* UIBarButtonItem+Extension.swift in Sources */,
				5DB3A7BC1EDFC64800AAB0BE /* Anchor.swift in Sources */,
				5D06AA6F1EE8E80900AAE63F /* RecommendGameCell.swift in Sources */,
				5DB3A7BE1EDFC89900AAB0BE /* Room.swift in Sources */,
				5DC4EAA61EDCA529008860E4 /* AppDelegate.swift in Sources */,
				5DB3A7B31EDFBBD600AAB0BE /* NetworkManager.swift in Sources */,
				5D10503C1EDF45A2001DB386 /* RecommendViewController.swift in Sources */,
				5D14E7E81EE7ADE000B40147 /* RecycleCell.swift in Sources */,
				5DB3A7B81EDFC2F400AAB0BE /* Date+Extension.swift in Sources */,
				5D2B22C31EDD1EE5003820DA /* ContentView.swift in Sources */,
				5DF6D8E31EE6552E0077E2C7 /* CollectionViewBaseCell.swift in Sources */,
				5D2B22A71EDD003A003820DA /* MainViewController.swift in Sources */,
				5D19EEF21EDFA1C200F579A7 /* HeaderView.swift in Sources */,
				5D06AA6A1EE8E27900AAE63F /* RecommendGameView.swift in Sources */,
				5D2B22BA1EDD03D3003820DA /* HomeViewController.swift in Sources */,
				5D2B22BF1EDD164A003820DA /* TitleView.swift in Sources */,
				5D2B22C11EDD17A3003820DA /* Constant.swift in Sources */,
				5D2B22C51EDD220B003820DA /* UIColor+Extension.swift in Sources */,
				5DF6D8E51EE65D250077E2C7 /* RecycleView.swift in Sources */,
				5D94AE3F1EE7A9FA00672362 /* RecycleModel.swift in Sources */,
				5D19EEFE1EDFA98A00F579A7 /* CollectionCell.swift in Sources */,
				5DB3A7B61EDFC01400AAB0BE /* RecommendViewModel.swift in Sources */,
			);
			runOnlyForDeploymentPostprocessing = 0;
		};
/* End PBXSourcesBuildPhase section */

/* Begin PBXVariantGroup section */
		5D2B229A1EDCFEDA003820DA /* Home.storyboard */ = {
			isa = PBXVariantGroup;
			children = (
				5D2B229B1EDCFEDA003820DA /* Base */,
			);
			name = Home.storyboard;
			path = ../../..;
			sourceTree = "<group>";
		};
		5D2B229D1EDCFF7C003820DA /* Live.storyboard */ = {
			isa = PBXVariantGroup;
			children = (
				5D2B229E1EDCFF7C003820DA /* Base */,
			);
			name = Live.storyboard;
			path = ../Main;
			sourceTree = "<group>";
		};
		5D2B22A01EDCFF94003820DA /* Follow.storyboard */ = {
			isa = PBXVariantGroup;
			children = (
				5D2B22A11EDCFF94003820DA /* Base */,
			);
			name = Follow.storyboard;
			path = ../Main;
			sourceTree = "<group>";
		};
		5D2B22A31EDCFFB3003820DA /* Profile.storyboard */ = {
			isa = PBXVariantGroup;
			children = (
				5D2B22A41EDCFFB3003820DA /* Base */,
			);
			name = Profile.storyboard;
			path = ../Main;
			sourceTree = "<group>";
		};
		5DC4EAA91EDCA529008860E4 /* Main.storyboard */ = {
			isa = PBXVariantGroup;
			children = (
				5DC4EAAA1EDCA529008860E4 /* Base */,
			);
			name = Main.storyboard;
			path = ../../..;
			sourceTree = "<group>";
		};
		5DC4EAAE1EDCA529008860E4 /* LaunchScreen.storyboard */ = {
			isa = PBXVariantGroup;
			children = (
				5DC4EAAF1EDCA529008860E4 /* Base */,
			);
			name = LaunchScreen.storyboard;
			sourceTree = "<group>";
		};
/* End PBXVariantGroup section */

/* Begin XCBuildConfiguration section */
		5DC4EAB21EDCA529008860E4 /* Debug */ = {
			isa = XCBuildConfiguration;
			buildSettings = {
				ALWAYS_SEARCH_USER_PATHS = NO;
				CLANG_ANALYZER_NONNULL = YES;
				CLANG_ANALYZER_NUMBER_OBJECT_CONVERSION = YES_AGGRESSIVE;
				CLANG_CXX_LANGUAGE_STANDARD = "gnu++0x";
				CLANG_CXX_LIBRARY = "libc++";
				CLANG_ENABLE_MODULES = YES;
				CLANG_ENABLE_OBJC_ARC = YES;
				CLANG_WARN_BOOL_CONVERSION = YES;
				CLANG_WARN_CONSTANT_CONVERSION = YES;
				CLANG_WARN_DIRECT_OBJC_ISA_USAGE = YES_ERROR;
				CLANG_WARN_DOCUMENTATION_COMMENTS = YES;
				CLANG_WARN_EMPTY_BODY = YES;
				CLANG_WARN_ENUM_CONVERSION = YES;
				CLANG_WARN_INFINITE_RECURSION = YES;
				CLANG_WARN_INT_CONVERSION = YES;
				CLANG_WARN_OBJC_ROOT_CLASS = YES_ERROR;
				CLANG_WARN_SUSPICIOUS_MOVE = YES;
				CLANG_WARN_UNREACHABLE_CODE = YES;
				CLANG_WARN__DUPLICATE_METHOD_MATCH = YES;
				"CODE_SIGN_IDENTITY[sdk=iphoneos*]" = "iPhone Developer";
				COPY_PHASE_STRIP = NO;
				DEBUG_INFORMATION_FORMAT = dwarf;
				ENABLE_STRICT_OBJC_MSGSEND = YES;
				ENABLE_TESTABILITY = YES;
				GCC_C_LANGUAGE_STANDARD = gnu99;
				GCC_DYNAMIC_NO_PIC = NO;
				GCC_NO_COMMON_BLOCKS = YES;
				GCC_OPTIMIZATION_LEVEL = 0;
				GCC_PREPROCESSOR_DEFINITIONS = (
					"DEBUG=1",
					"$(inherited)",
				);
				GCC_WARN_64_TO_32_BIT_CONVERSION = YES;
				GCC_WARN_ABOUT_RETURN_TYPE = YES_ERROR;
				GCC_WARN_UNDECLARED_SELECTOR = YES;
				GCC_WARN_UNINITIALIZED_AUTOS = YES_AGGRESSIVE;
				GCC_WARN_UNUSED_FUNCTION = YES;
				GCC_WARN_UNUSED_VARIABLE = YES;
				IPHONEOS_DEPLOYMENT_TARGET = 10.3;
				MTL_ENABLE_DEBUG_INFO = YES;
				ONLY_ACTIVE_ARCH = YES;
				SDKROOT = iphoneos;
				SWIFT_ACTIVE_COMPILATION_CONDITIONS = DEBUG;
				SWIFT_OPTIMIZATION_LEVEL = "-Onone";
			};
			name = Debug;
		};
		5DC4EAB31EDCA529008860E4 /* Release */ = {
			isa = XCBuildConfiguration;
			buildSettings = {
				ALWAYS_SEARCH_USER_PATHS = NO;
				CLANG_ANALYZER_NONNULL = YES;
				CLANG_ANALYZER_NUMBER_OBJECT_CONVERSION = YES_AGGRESSIVE;
				CLANG_CXX_LANGUAGE_STANDARD = "gnu++0x";
				CLANG_CXX_LIBRARY = "libc++";
				CLANG_ENABLE_MODULES = YES;
				CLANG_ENABLE_OBJC_ARC = YES;
				CLANG_WARN_BOOL_CONVERSION = YES;
				CLANG_WARN_CONSTANT_CONVERSION = YES;
				CLANG_WARN_DIRECT_OBJC_ISA_USAGE = YES_ERROR;
				CLANG_WARN_DOCUMENTATION_COMMENTS = YES;
				CLANG_WARN_EMPTY_BODY = YES;
				CLANG_WARN_ENUM_CONVERSION = YES;
				CLANG_WARN_INFINITE_RECURSION = YES;
				CLANG_WARN_INT_CONVERSION = YES;
				CLANG_WARN_OBJC_ROOT_CLASS = YES_ERROR;
				CLANG_WARN_SUSPICIOUS_MOVE = YES;
				CLANG_WARN_UNREACHABLE_CODE = YES;
				CLANG_WARN__DUPLICATE_METHOD_MATCH = YES;
				"CODE_SIGN_IDENTITY[sdk=iphoneos*]" = "iPhone Developer";
				COPY_PHASE_STRIP = NO;
				DEBUG_INFORMATION_FORMAT = "dwarf-with-dsym";
				ENABLE_NS_ASSERTIONS = NO;
				ENABLE_STRICT_OBJC_MSGSEND = YES;
				GCC_C_LANGUAGE_STANDARD = gnu99;
				GCC_NO_COMMON_BLOCKS = YES;
				GCC_WARN_64_TO_32_BIT_CONVERSION = YES;
				GCC_WARN_ABOUT_RETURN_TYPE = YES_ERROR;
				GCC_WARN_UNDECLARED_SELECTOR = YES;
				GCC_WARN_UNINITIALIZED_AUTOS = YES_AGGRESSIVE;
				GCC_WARN_UNUSED_FUNCTION = YES;
				GCC_WARN_UNUSED_VARIABLE = YES;
				IPHONEOS_DEPLOYMENT_TARGET = 10.3;
				MTL_ENABLE_DEBUG_INFO = NO;
				SDKROOT = iphoneos;
				SWIFT_OPTIMIZATION_LEVEL = "-Owholemodule";
				VALIDATE_PRODUCT = YES;
			};
			name = Release;
		};
		5DC4EAB51EDCA529008860E4 /* Debug */ = {
			isa = XCBuildConfiguration;
			baseConfigurationReference = 33EC002B8BF2C8F619410467 /* Pods-zhibo.debug.xcconfig */;
			buildSettings = {
				ALWAYS_EMBED_SWIFT_STANDARD_LIBRARIES = YES;
				ASSETCATALOG_COMPILER_APPICON_NAME = AppIcon;
				ASSETCATALOG_COMPILER_LAUNCHIMAGE_NAME = LaunchImage;
				INFOPLIST_FILE = zhibo/Info.plist;
				IPHONEOS_DEPLOYMENT_TARGET = 8.0;
				LD_RUNPATH_SEARCH_PATHS = "$(inherited) @executable_path/Frameworks";
				PRODUCT_BUNDLE_IDENTIFIER = com.Allan.zhibo;
				PRODUCT_NAME = "$(TARGET_NAME)";
				SWIFT_VERSION = 3.0;
			};
			name = Debug;
		};
		5DC4EAB61EDCA529008860E4 /* Release */ = {
			isa = XCBuildConfiguration;
			baseConfigurationReference = 6B175B8AD4888EB461A845DB /* Pods-zhibo.release.xcconfig */;
			buildSettings = {
				ALWAYS_EMBED_SWIFT_STANDARD_LIBRARIES = YES;
				ASSETCATALOG_COMPILER_APPICON_NAME = AppIcon;
				ASSETCATALOG_COMPILER_LAUNCHIMAGE_NAME = LaunchImage;
				INFOPLIST_FILE = zhibo/Info.plist;
				IPHONEOS_DEPLOYMENT_TARGET = 8.0;
				LD_RUNPATH_SEARCH_PATHS = "$(inherited) @executable_path/Frameworks";
				PRODUCT_BUNDLE_IDENTIFIER = com.Allan.zhibo;
				PRODUCT_NAME = "$(TARGET_NAME)";
				SWIFT_VERSION = 3.0;
			};
			name = Release;
		};
/* End XCBuildConfiguration section */

/* Begin XCConfigurationList section */
		5DC4EA9D1EDCA529008860E4 /* Build configuration list for PBXProject "zhibo" */ = {
			isa = XCConfigurationList;
			buildConfigurations = (
				5DC4EAB21EDCA529008860E4 /* Debug */,
				5DC4EAB31EDCA529008860E4 /* Release */,
			);
			defaultConfigurationIsVisible = 0;
			defaultConfigurationName = Release;
		};
		5DC4EAB41EDCA529008860E4 /* Build configuration list for PBXNativeTarget "zhibo" */ = {
			isa = XCConfigurationList;
			buildConfigurations = (
				5DC4EAB51EDCA529008860E4 /* Debug */,
				5DC4EAB61EDCA529008860E4 /* Release */,
			);
			defaultConfigurationIsVisible = 0;
			defaultConfigurationName = Release;
		};
/* End XCConfigurationList section */
	};
	rootObject = 5DC4EA9A1EDCA529008860E4 /* Project object */;
}
